
Microsoft Visual Studio Solution File, Format Version 12.00
Project("{FAE04EC0-301F-11D3-BF4B-00C04F79EFBC}") = "ProjetoDevWeb_V2", "ProjetoDevWeb_V2.csproj", "{CA44620B-0004-4E52-9349-98E9CB860C1B}"
EndProject
Global
	GlobalSection(SolutionConfigurationPlatforms) = preSolution
		Debug|Any CPU = Debug|Any CPU
		Release|Any CPU = Release|Any CPU
	EndGlobalSection
	GlobalSection(ProjectConfigurationPlatforms) = postSolution
		{CA44620B-0004-4E52-9349-98E9CB860C1B}.Debug|Any CPU.ActiveCfg = Debug|Any CPU
		{CA44620B-0004-4E52-9349-98E9CB860C1B}.Debug|Any CPU.Build.0 = Debug|Any CPU
		{CA44620B-0004-4E52-9349-98E9CB860C1B}.Release|Any CPU.ActiveCfg = Release|Any CPU
		{CA44620B-0004-4E52-9349-98E9CB860C1B}.Release|Any CPU.Build.0 = Release|Any CPU
	EndGlobalSection
EndGlobal
